
Microsoft Visual Studio Solution File, Format Version 12.00
# Visual Studio 15
VisualStudioVersion = 15.0.28307.329
MinimumVisualStudioVersion = 10.0.40219.1
Project("{FAE04EC0-301F-11D3-BF4B-00C04F79EFBC}") = "ExamenEnrique", "ExamenEnrique\ExamenEnrique.csproj", "{4F381551-8227-4890-8D7C-A221DD269892}"
EndProject
Global
	GlobalSection(SolutionConfigurationPlatforms) = preSolution
		Debug|Any CPU = Debug|Any CPU
		Release|Any CPU = Release|Any CPU
	EndGlobalSection
	GlobalSection(ProjectConfigurationPlatforms) = postSolution
		{4F381551-8227-4890-8D7C-A221DD269892}.Debug|Any CPU.ActiveCfg = Debug|Any CPU
		{4F381551-8227-4890-8D7C-A221DD269892}.Debug|Any CPU.Build.0 = Debug|Any CPU
		{4F381551-8227-4890-8D7C-A221DD269892}.Release|Any CPU.ActiveCfg = Release|Any CPU
		{4F381551-8227-4890-8D7C-A221DD269892}.Release|Any CPU.Build.0 = Release|Any CPU
	EndGlobalSection
	GlobalSection(SolutionProperties) = preSolution
		HideSolutionNode = FALSE
	EndGlobalSection
	GlobalSection(ExtensibilityGlobals) = postSolution
		SolutionGuid = {2D2CFC28-220F-40B3-AF7C-0042582BAA5A}
	EndGlobalSection
EndGlobal
